
Microsoft Visual Studio Solution File, Format Version 12.00
# Visual Studio Version 16
VisualStudioVersion = 16.0.30907.101
MinimumVisualStudioVersion = 10.0.40219.1
Project("{FAE04EC0-301F-11D3-BF4B-00C04F79EFBC}") = "TransactionApp", "TransactionApp\TransactionApp.csproj", "{26E7761D-0C03-4CCD-B71F-F1EFDABD6024}"
EndProject
Global
	GlobalSection(SolutionConfigurationPlatforms) = preSolution
		Debug|Any CPU = Debug|Any CPU
		Release|Any CPU = Release|Any CPU
	EndGlobalSection
	GlobalSection(ProjectConfigurationPlatforms) = postSolution
		{26E7761D-0C03-4CCD-B71F-F1EFDABD6024}.Debug|Any CPU.ActiveCfg = Debug|Any CPU
		{26E7761D-0C03-4CCD-B71F-F1EFDABD6024}.Debug|Any CPU.Build.0 = Debug|Any CPU
		{26E7761D-0C03-4CCD-B71F-F1EFDABD6024}.Release|Any CPU.ActiveCfg = Release|Any CPU
		{26E7761D-0C03-4CCD-B71F-F1EFDABD6024}.Release|Any CPU.Build.0 = Release|Any CPU
	EndGlobalSection
	GlobalSection(SolutionProperties) = preSolution
		HideSolutionNode = FALSE
	EndGlobalSection
	GlobalSection(ExtensibilityGlobals) = postSolution
		SolutionGuid = {D2A346FB-5149-46D9-AB23-808583A5CA32}
	EndGlobalSection
EndGlobal
